
Microsoft Visual Studio Solution File, Format Version 12.00
# Visual Studio Version 17
VisualStudioVersion = 17.4.33110.190
MinimumVisualStudioVersion = 10.0.40219.1
Project("{FAE04EC0-301F-11D3-BF4B-00C04F79EFBC}") = "mycli", "mycli.csproj", "{D849F77F-EC2F-47FC-B917-782E03304C23}"
EndProject
Global
	GlobalSection(SolutionConfigurationPlatforms) = preSolution
		Debug|Any CPU = Debug|Any CPU
		Release|Any CPU = Release|Any CPU
	EndGlobalSection
	GlobalSection(ProjectConfigurationPlatforms) = postSolution
		{D849F77F-EC2F-47FC-B917-782E03304C23}.Debug|Any CPU.ActiveCfg = Debug|Any CPU
		{D849F77F-EC2F-47FC-B917-782E03304C23}.Debug|Any CPU.Build.0 = Debug|Any CPU
		{D849F77F-EC2F-47FC-B917-782E03304C23}.Release|Any CPU.ActiveCfg = Release|Any CPU
		{D849F77F-EC2F-47FC-B917-782E03304C23}.Release|Any CPU.Build.0 = Release|Any CPU
	EndGlobalSection
	GlobalSection(SolutionProperties) = preSolution
		HideSolutionNode = FALSE
	EndGlobalSection
	GlobalSection(ExtensibilityGlobals) = postSolution
		SolutionGuid = {04460857-5D8B-4E72-8201-DFC981DF517A}
	EndGlobalSection
EndGlobal
